// !$*UTF8*$!
{
	archiveVersion = 1;
	classes = {
	};
	objectVersion = 46;
	objects = {

/* Begin PBXBuildFile section */
		FE20FDAE1BDD2AFB00A59382 /* TestFrameViewController.m in Sources */ = {isa = PBXBuildFile; fileRef = FE20FDAC1BDD2AFB00A59382 /* TestFrameViewController.m */; };
		FE20FDAF1BDD2AFB00A59382 /* TestFrameViewController.xib in Resources */ = {isa = PBXBuildFile; fileRef = FE20FDAD1BDD2AFB00A59382 /* TestFrameViewController.xib */; };
		FE3D633F1B7749A900A4AD3F /* TabBarViewController.m in Sources */ = {isa = PBXBuildFile; fileRef = FE3D633E1B7749A900A4AD3F /* TabBarViewController.m */; };
		FE4A236E1B75E28B00A39627 /* main.m in Sources */ = {isa = PBXBuildFile; fileRef = FE4A236D1B75E28B00A39627 /* main.m */; };
		FE4A23711B75E28B00A39627 /* AppDelegate.m in Sources */ = {isa = PBXBuildFile; fileRef = FE4A23701B75E28B00A39627 /* AppDelegate.m */; };
		FE4A23731B75E28B00A39627 /* Images.xcassets in Resources */ = {isa = PBXBuildFile; fileRef = FE4A23721B75E28B00A39627 /* Images.xcassets */; };
		FE4A23761B75E28B00A39627 /* LaunchScreen.xib in Resources */ = {isa = PBXBuildFile; fileRef = FE4A23741B75E28B00A39627 /* LaunchScreen.xib */; };
		FE4A23821B75E28B00A39627 /* ZXwalkTests.m in Sources */ = {isa = PBXBuildFile; fileRef = FE4A23811B75E28B00A39627 /* ZXwalkTests.m */; };
		FE934A651BEDEB3C00903E96 /* IJJViewController.m in Sources */ = {isa = PBXBuildFile; fileRef = FE934A641BEDEB3C00903E96 /* IJJViewController.m */; };
		FE934A711BEDEDF500903E96 /* ZXViewController.m in Sources */ = {isa = PBXBuildFile; fileRef = FE934A701BEDEDF500903E96 /* ZXViewController.m */; };
		FE934A741BEDEE1300903E96 /* ZXNavigationController.m in Sources */ = {isa = PBXBuildFile; fileRef = FE934A731BEDEE1300903E96 /* ZXNavigationController.m */; };
		FE934A951BEDF2BF00903E96 /* OpenAccountTransitionPrompt.m in Sources */ = {isa = PBXBuildFile; fileRef = FE934A851BEDF2BF00903E96 /* OpenAccountTransitionPrompt.m */; };
		FE934A961BEDF2BF00903E96 /* OpenAccountTransitionPrompt.xib in Resources */ = {isa = PBXBuildFile; fileRef = FE934A861BEDF2BF00903E96 /* OpenAccountTransitionPrompt.xib */; };
		FE934A981BEDF2BF00903E96 /* OpenAccountTransitionView.m in Sources */ = {isa = PBXBuildFile; fileRef = FE934A8B1BEDF2BF00903E96 /* OpenAccountTransitionView.m */; };
		FE934A9A1BEDF2BF00903E96 /* 分割线.png in Resources */ = {isa = PBXBuildFile; fileRef = FE934A901BEDF2BF00903E96 /* 分割线.png */; };
		FE934A9B1BEDF2BF00903E96 /* 过渡动画-按钮1.png in Resources */ = {isa = PBXBuildFile; fileRef = FE934A911BEDF2BF00903E96 /* 过渡动画-按钮1.png */; };
		FE934A9C1BEDF2BF00903E96 /* 过渡动画-按钮2.png in Resources */ = {isa = PBXBuildFile; fileRef = FE934A921BEDF2BF00903E96 /* 过渡动画-按钮2.png */; };
		FE934A9D1BEDF2BF00903E96 /* 过渡动画-控件.png in Resources */ = {isa = PBXBuildFile; fileRef = FE934A931BEDF2BF00903E96 /* 过渡动画-控件.png */; };
		FE934A9E1BEDF2BF00903E96 /* 金币.png in Resources */ = {isa = PBXBuildFile; fileRef = FE934A941BEDF2BF00903E96 /* 金币.png */; };
		FE934AA21BEDF38400903E96 /* OpenAccountTransitionViewController.m in Sources */ = {isa = PBXBuildFile; fileRef = FE934AA01BEDF38400903E96 /* OpenAccountTransitionViewController.m */; };
		FE934AA31BEDF38400903E96 /* OpenAccountTransitionViewController.xib in Resources */ = {isa = PBXBuildFile; fileRef = FE934AA11BEDF38400903E96 /* OpenAccountTransitionViewController.xib */; };
		FECB32931BEF57D60044FF1A /* STModal.m in Sources */ = {isa = PBXBuildFile; fileRef = FECB32921BEF57D60044FF1A /* STModal.m */; };
		FECB32971BEF78FF0044FF1A /* PurchaseExtendBusiness.m in Sources */ = {isa = PBXBuildFile; fileRef = FECB32961BEF78FF0044FF1A /* PurchaseExtendBusiness.m */; };
		FECB32B51BEF825B0044FF1A /* UIColor+ZX.m in Sources */ = {isa = PBXBuildFile; fileRef = FECB32AC1BEF825B0044FF1A /* UIColor+ZX.m */; };
		FECB32B61BEF825B0044FF1A /* JSONKit.m in Sources */ = {isa = PBXBuildFile; fileRef = FECB32B31BEF825B0044FF1A /* JSONKit.m */; settings = {COMPILER_FLAGS = "-fno-objc-arc"; }; };
		FECB32B71BEF825B0044FF1A /* README.md in Sources */ = {isa = PBXBuildFile; fileRef = FECB32B41BEF825B0044FF1A /* README.md */; };
		FECB32BD1BEF82E30044FF1A /* ExtentBusinessViewCell.m in Sources */ = {isa = PBXBuildFile; fileRef = FECB32BA1BEF82E30044FF1A /* ExtentBusinessViewCell.m */; };
		FECB32BE1BEF82E30044FF1A /* ExtentBusinessViewCell.xib in Resources */ = {isa = PBXBuildFile; fileRef = FECB32BB1BEF82E30044FF1A /* ExtentBusinessViewCell.xib */; };
		FECB32C31BEF834E0044FF1A /* PurchaseViewController.m in Sources */ = {isa = PBXBuildFile; fileRef = FECB32C21BEF834E0044FF1A /* PurchaseViewController.m */; };
		FECB32CC1BEF86B90044FF1A /* FourthProjectViewController.m in Sources */ = {isa = PBXBuildFile; fileRef = FECB32C61BEF86B90044FF1A /* FourthProjectViewController.m */; };
		FECB32CD1BEF86B90044FF1A /* FourthProjectViewController.xib in Resources */ = {isa = PBXBuildFile; fileRef = FECB32C71BEF86B90044FF1A /* FourthProjectViewController.xib */; };
		FECB32CE1BEF86B90044FF1A /* FourthProjectCell.m in Sources */ = {isa = PBXBuildFile; fileRef = FECB32CA1BEF86B90044FF1A /* FourthProjectCell.m */; };
		FECB32CF1BEF86B90044FF1A /* FourthProjectCell.xib in Resources */ = {isa = PBXBuildFile; fileRef = FECB32CB1BEF86B90044FF1A /* FourthProjectCell.xib */; };
		FECB32D71BEF8E3E0044FF1A /* StandardViewController.m in Sources */ = {isa = PBXBuildFile; fileRef = FECB32D51BEF8E3E0044FF1A /* StandardViewController.m */; };
		FECB32D81BEF8E3E0044FF1A /* StandardViewController.xib in Resources */ = {isa = PBXBuildFile; fileRef = FECB32D61BEF8E3E0044FF1A /* StandardViewController.xib */; };
/* End PBXBuildFile section */

/* Begin PBXContainerItemProxy section */
		FE4A237C1B75E28B00A39627 /* PBXContainerItemProxy */ = {
			isa = PBXContainerItemProxy;
			containerPortal = FE4A23601B75E28B00A39627 /* Project object */;
			proxyType = 1;
			remoteGlobalIDString = FE4A23671B75E28B00A39627;
			remoteInfo = ZXwalk;
		};
/* End PBXContainerItemProxy section */

/* Begin PBXFileReference section */
		FE20FDAB1BDD2AFB00A59382 /* TestFrameViewController.h */ = {isa = PBXFileReference; fileEncoding = 4; lastKnownFileType = sourcecode.c.h; path = TestFrameViewController.h; sourceTree = "<group>"; };
		FE20FDAC1BDD2AFB00A59382 /* TestFrameViewController.m */ = {isa = PBXFileReference; fileEncoding = 4; lastKnownFileType = sourcecode.c.objc; path = TestFrameViewController.m; sourceTree = "<group>"; };
		FE20FDAD1BDD2AFB00A59382 /* TestFrameViewController.xib */ = {isa = PBXFileReference; fileEncoding = 4; lastKnownFileType = file.xib; path = TestFrameViewController.xib; sourceTree = "<group>"; };
		FE3D633D1B7749A900A4AD3F /* TabBarViewController.h */ = {isa = PBXFileReference; fileEncoding = 4; lastKnownFileType = sourcecode.c.h; path = TabBarViewController.h; sourceTree = "<group>"; };
		FE3D633E1B7749A900A4AD3F /* TabBarViewController.m */ = {isa = PBXFileReference; fileEncoding = 4; lastKnownFileType = sourcecode.c.objc; path = TabBarViewController.m; sourceTree = "<group>"; };
		FE4A23681B75E28B00A39627 /* ZXwalk.app */ = {isa = PBXFileReference; explicitFileType = wrapper.application; includeInIndex = 0; path = ZXwalk.app; sourceTree = BUILT_PRODUCTS_DIR; };
		FE4A236C1B75E28B00A39627 /* Info.plist */ = {isa = PBXFileReference; lastKnownFileType = text.plist.xml; path = Info.plist; sourceTree = "<group>"; };
		FE4A236D1B75E28B00A39627 /* main.m */ = {isa = PBXFileReference; lastKnownFileType = sourcecode.c.objc; path = main.m; sourceTree = "<group>"; };
		FE4A236F1B75E28B00A39627 /* AppDelegate.h */ = {isa = PBXFileReference; lastKnownFileType = sourcecode.c.h; path = AppDelegate.h; sourceTree = "<group>"; };
		FE4A23701B75E28B00A39627 /* AppDelegate.m */ = {isa = PBXFileReference; lastKnownFileType = sourcecode.c.objc; path = AppDelegate.m; sourceTree = "<group>"; };
		FE4A23721B75E28B00A39627 /* Images.xcassets */ = {isa = PBXFileReference; lastKnownFileType = folder.assetcatalog; path = Images.xcassets; sourceTree = "<group>"; };
		FE4A23751B75E28B00A39627 /* Base */ = {isa = PBXFileReference; lastKnownFileType = file.xib; name = Base; path = Base.lproj/LaunchScreen.xib; sourceTree = "<group>"; };
		FE4A237B1B75E28B00A39627 /* ZXwalkTests.xctest */ = {isa = PBXFileReference; explicitFileType = wrapper.cfbundle; includeInIndex = 0; path = ZXwalkTests.xctest; sourceTree = BUILT_PRODUCTS_DIR; };
		FE4A23801B75E28B00A39627 /* Info.plist */ = {isa = PBXFileReference; lastKnownFileType = text.plist.xml; path = Info.plist; sourceTree = "<group>"; };
		FE4A23811B75E28B00A39627 /* ZXwalkTests.m */ = {isa = PBXFileReference; lastKnownFileType = sourcecode.c.objc; path = ZXwalkTests.m; sourceTree = "<group>"; };
		FE4A242E1B75F1DE00A39627 /* PrefixHeader.pch */ = {isa = PBXFileReference; fileEncoding = 4; lastKnownFileType = sourcecode.c.h; path = PrefixHeader.pch; sourceTree = "<group>"; };
		FE934A631BEDEB3C00903E96 /* IJJViewController.h */ = {isa = PBXFileReference; fileEncoding = 4; lastKnownFileType = sourcecode.c.h; name = IJJViewController.h; path = ZXwalk/IPhoneIJJ/IJJViewController.h; sourceTree = SOURCE_ROOT; };
		FE934A641BEDEB3C00903E96 /* IJJViewController.m */ = {isa = PBXFileReference; fileEncoding = 4; lastKnownFileType = sourcecode.c.objc; name = IJJViewController.m; path = ZXwalk/IPhoneIJJ/IJJViewController.m; sourceTree = SOURCE_ROOT; };
		FE934A6F1BEDEDF500903E96 /* ZXViewController.h */ = {isa = PBXFileReference; fileEncoding = 4; lastKnownFileType = sourcecode.c.h; path = ZXViewController.h; sourceTree = "<group>"; };
		FE934A701BEDEDF500903E96 /* ZXViewController.m */ = {isa = PBXFileReference; fileEncoding = 4; lastKnownFileType = sourcecode.c.objc; path = ZXViewController.m; sourceTree = "<group>"; };
		FE934A721BEDEE1300903E96 /* ZXNavigationController.h */ = {isa = PBXFileReference; fileEncoding = 4; lastKnownFileType = sourcecode.c.h; path = ZXNavigationController.h; sourceTree = "<group>"; };
		FE934A731BEDEE1300903E96 /* ZXNavigationController.m */ = {isa = PBXFileReference; fileEncoding = 4; lastKnownFileType = sourcecode.c.objc; path = ZXNavigationController.m; sourceTree = "<group>"; };
		FE934A841BEDF2BF00903E96 /* OpenAccountTransitionPrompt.h */ = {isa = PBXFileReference; fileEncoding = 4; lastKnownFileType = sourcecode.c.h; path = OpenAccountTransitionPrompt.h; sourceTree = "<group>"; };
		FE934A851BEDF2BF00903E96 /* OpenAccountTransitionPrompt.m */ = {isa = PBXFileReference; fileEncoding = 4; lastKnownFileType = sourcecode.c.objc; path = OpenAccountTransitionPrompt.m; sourceTree = "<group>"; };
		FE934A861BEDF2BF00903E96 /* OpenAccountTransitionPrompt.xib */ = {isa = PBXFileReference; fileEncoding = 4; lastKnownFileType = file.xib; path = OpenAccountTransitionPrompt.xib; sourceTree = "<group>"; };
		FE934A8A1BEDF2BF00903E96 /* OpenAccountTransitionView.h */ = {isa = PBXFileReference; fileEncoding = 4; lastKnownFileType = sourcecode.c.h; path = OpenAccountTransitionView.h; sourceTree = "<group>"; };
		FE934A8B1BEDF2BF00903E96 /* OpenAccountTransitionView.m */ = {isa = PBXFileReference; fileEncoding = 4; lastKnownFileType = sourcecode.c.objc; path = OpenAccountTransitionView.m; sourceTree = "<group>"; };
		FE934A901BEDF2BF00903E96 /* 分割线.png */ = {isa = PBXFileReference; lastKnownFileType = image.png; path = "分割线.png"; sourceTree = "<group>"; };
		FE934A911BEDF2BF00903E96 /* 过渡动画-按钮1.png */ = {isa = PBXFileReference; lastKnownFileType = image.png; path = "过渡动画-按钮1.png"; sourceTree = "<group>"; };
		FE934A921BEDF2BF00903E96 /* 过渡动画-按钮2.png */ = {isa = PBXFileReference; lastKnownFileType = image.png; path = "过渡动画-按钮2.png"; sourceTree = "<group>"; };
		FE934A931BEDF2BF00903E96 /* 过渡动画-控件.png */ = {isa = PBXFileReference; lastKnownFileType = image.png; path = "过渡动画-控件.png"; sourceTree = "<group>"; };
		FE934A941BEDF2BF00903E96 /* 金币.png */ = {isa = PBXFileReference; lastKnownFileType = image.png; path = "金币.png"; sourceTree = "<group>"; };
		FE934A9F1BEDF38400903E96 /* OpenAccountTransitionViewController.h */ = {isa = PBXFileReference; fileEncoding = 4; lastKnownFileType = sourcecode.c.h; path = OpenAccountTransitionViewController.h; sourceTree = "<group>"; };
		FE934AA01BEDF38400903E96 /* OpenAccountTransitionViewController.m */ = {isa = PBXFileReference; fileEncoding = 4; lastKnownFileType = sourcecode.c.objc; path = OpenAccountTransitionViewController.m; sourceTree = "<group>"; };
		FE934AA11BEDF38400903E96 /* OpenAccountTransitionViewController.xib */ = {isa = PBXFileReference; fileEncoding = 4; lastKnownFileType = file.xib; path = OpenAccountTransitionViewController.xib; sourceTree = "<group>"; };
		FECB32911BEF57D60044FF1A /* STModal.h */ = {isa = PBXFileReference; fileEncoding = 4; lastKnownFileType = sourcecode.c.h; path = STModal.h; sourceTree = "<group>"; };
		FECB32921BEF57D60044FF1A /* STModal.m */ = {isa = PBXFileReference; fileEncoding = 4; lastKnownFileType = sourcecode.c.objc; path = STModal.m; sourceTree = "<group>"; };
		FECB32961BEF78FF0044FF1A /* PurchaseExtendBusiness.m */ = {isa = PBXFileReference; fileEncoding = 4; lastKnownFileType = sourcecode.c.objc; path = PurchaseExtendBusiness.m; sourceTree = "<group>"; };
		FECB32AB1BEF825B0044FF1A /* UIColor+ZX.h */ = {isa = PBXFileReference; fileEncoding = 4; lastKnownFileType = sourcecode.c.h; path = "UIColor+ZX.h"; sourceTree = "<group>"; };
		FECB32AC1BEF825B0044FF1A /* UIColor+ZX.m */ = {isa = PBXFileReference; fileEncoding = 4; lastKnownFileType = sourcecode.c.objc; path = "UIColor+ZX.m"; sourceTree = "<group>"; };
		FECB32AE1BEF825B0044FF1A /* DefineLib.h */ = {isa = PBXFileReference; fileEncoding = 4; lastKnownFileType = sourcecode.c.h; path = DefineLib.h; sourceTree = "<group>"; };
		FECB32AF1BEF825B0044FF1A /* TCDefine.h */ = {isa = PBXFileReference; fileEncoding = 4; lastKnownFileType = sourcecode.c.h; path = TCDefine.h; sourceTree = "<group>"; };
		FECB32B21BEF825B0044FF1A /* JSONKit.h */ = {isa = PBXFileReference; fileEncoding = 4; lastKnownFileType = sourcecode.c.h; path = JSONKit.h; sourceTree = "<group>"; };
		FECB32B31BEF825B0044FF1A /* JSONKit.m */ = {isa = PBXFileReference; fileEncoding = 4; lastKnownFileType = sourcecode.c.objc; path = JSONKit.m; sourceTree = "<group>"; };
		FECB32B41BEF825B0044FF1A /* README.md */ = {isa = PBXFileReference; fileEncoding = 4; lastKnownFileType = net.daringfireball.markdown; path = README.md; sourceTree = "<group>"; };
		FECB32BA1BEF82E30044FF1A /* ExtentBusinessViewCell.m */ = {isa = PBXFileReference; fileEncoding = 4; lastKnownFileType = sourcecode.c.objc; path = ExtentBusinessViewCell.m; sourceTree = "<group>"; };
		FECB32BB1BEF82E30044FF1A /* ExtentBusinessViewCell.xib */ = {isa = PBXFileReference; fileEncoding = 4; lastKnownFileType = file.xib; path = ExtentBusinessViewCell.xib; sourceTree = "<group>"; };
		FECB32BF1BEF83220044FF1A /* PurchaseExtendBusiness.h */ = {isa = PBXFileReference; fileEncoding = 4; lastKnownFileType = sourcecode.c.h; path = PurchaseExtendBusiness.h; sourceTree = "<group>"; };
		FECB32C01BEF83290044FF1A /* ExtentBusinessViewCell.h */ = {isa = PBXFileReference; fileEncoding = 4; lastKnownFileType = sourcecode.c.h; path = ExtentBusinessViewCell.h; sourceTree = "<group>"; };
		FECB32C11BEF834E0044FF1A /* PurchaseViewController.h */ = {isa = PBXFileReference; fileEncoding = 4; lastKnownFileType = sourcecode.c.h; path = PurchaseViewController.h; sourceTree = "<group>"; };
		FECB32C21BEF834E0044FF1A /* PurchaseViewController.m */ = {isa = PBXFileReference; fileEncoding = 4; lastKnownFileType = sourcecode.c.objc; path = PurchaseViewController.m; sourceTree = "<group>"; };
		FECB32C51BEF86B90044FF1A /* FourthProjectViewController.h */ = {isa = PBXFileReference; fileEncoding = 4; lastKnownFileType = sourcecode.c.h; path = FourthProjectViewController.h; sourceTree = "<group>"; };
		FECB32C61BEF86B90044FF1A /* FourthProjectViewController.m */ = {isa = PBXFileReference; fileEncoding = 4; lastKnownFileType = sourcecode.c.objc; path = FourthProjectViewController.m; sourceTree = "<group>"; };
		FECB32C71BEF86B90044FF1A /* FourthProjectViewController.xib */ = {isa = PBXFileReference; fileEncoding = 4; lastKnownFileType = file.xib; path = FourthProjectViewController.xib; sourceTree = "<group>"; };
		FECB32C91BEF86B90044FF1A /* FourthProjectCell.h */ = {isa = PBXFileReference; fileEncoding = 4; lastKnownFileType = sourcecode.c.h; path = FourthProjectCell.h; sourceTree = "<group>"; };
		FECB32CA1BEF86B90044FF1A /* FourthProjectCell.m */ = {isa = PBXFileReference; fileEncoding = 4; lastKnownFileType = sourcecode.c.objc; path = FourthProjectCell.m; sourceTree = "<group>"; };
		FECB32CB1BEF86B90044FF1A /* FourthProjectCell.xib */ = {isa = PBXFileReference; fileEncoding = 4; lastKnownFileType = file.xib; path = FourthProjectCell.xib; sourceTree = "<group>"; };
		FECB32D41BEF8E3E0044FF1A /* StandardViewController.h */ = {isa = PBXFileReference; fileEncoding = 4; lastKnownFileType = sourcecode.c.h; path = StandardViewController.h; sourceTree = "<group>"; };
		FECB32D51BEF8E3E0044FF1A /* StandardViewController.m */ = {isa = PBXFileReference; fileEncoding = 4; lastKnownFileType = sourcecode.c.objc; path = StandardViewController.m; sourceTree = "<group>"; };
		FECB32D61BEF8E3E0044FF1A /* StandardViewController.xib */ = {isa = PBXFileReference; fileEncoding = 4; lastKnownFileType = file.xib; path = StandardViewController.xib; sourceTree = "<group>"; };
/* End PBXFileReference section */

/* Begin PBXFrameworksBuildPhase section */
		FE4A23651B75E28B00A39627 /* Frameworks */ = {
			isa = PBXFrameworksBuildPhase;
			buildActionMask = 2147483647;
			files = (
			);
			runOnlyForDeploymentPostprocessing = 0;
		};
		FE4A23781B75E28B00A39627 /* Frameworks */ = {
			isa = PBXFrameworksBuildPhase;
			buildActionMask = 2147483647;
			files = (
			);
			runOnlyForDeploymentPostprocessing = 0;
		};
/* End PBXFrameworksBuildPhase section */

/* Begin PBXGroup section */
		FE20FDA71BDD2AB500A59382 /* VIew在控制器中frame的初始化 */ = {
			isa = PBXGroup;
			children = (
				FE20FDAB1BDD2AFB00A59382 /* TestFrameViewController.h */,
				FE20FDAC1BDD2AFB00A59382 /* TestFrameViewController.m */,
				FE20FDAD1BDD2AFB00A59382 /* TestFrameViewController.xib */,
			);
			path = "VIew在控制器中frame的初始化";
			sourceTree = "<group>";
		};
		FE432BD51BDBD9DC0011FFBF /* v4.40.01 */ = {
			isa = PBXGroup;
			children = (
				FECB32C41BEF86B90044FF1A /* Controllers */,
				FECB32C81BEF86B90044FF1A /* Views */,
				FECB32D01BEF8D810044FF1A /* 规范的视图控制器的写法 */,
				FECB32941BEF78EA0044FF1A /* 将一个业务封装成一个类 */,
				FE934A821BEDF2BF00903E96 /* 继承于NSObject的类实现类似controller的功能 */,
				FE20FDA71BDD2AB500A59382 /* VIew在控制器中frame的初始化 */,
			);
			path = v4.40.01;
			sourceTree = "<group>";
		};
		FE4A235F1B75E28B00A39627 = {
			isa = PBXGroup;
			children = (
				FE4A236A1B75E28B00A39627 /* ZXwalk */,
				FE4A237E1B75E28B00A39627 /* ZXwalkTests */,
				FE4A23691B75E28B00A39627 /* Products */,
			);
			sourceTree = "<group>";
		};
		FE4A23691B75E28B00A39627 /* Products */ = {
			isa = PBXGroup;
			children = (
				FE4A23681B75E28B00A39627 /* ZXwalk.app */,
				FE4A237B1B75E28B00A39627 /* ZXwalkTests.xctest */,
			);
			name = Products;
			sourceTree = "<group>";
		};
		FE4A236A1B75E28B00A39627 /* ZXwalk */ = {
			isa = PBXGroup;
			children = (
				FE4A236F1B75E28B00A39627 /* AppDelegate.h */,
				FE4A23701B75E28B00A39627 /* AppDelegate.m */,
				FE3D633D1B7749A900A4AD3F /* TabBarViewController.h */,
				FE3D633E1B7749A900A4AD3F /* TabBarViewController.m */,
				FE934A5E1BEDEAF600903E96 /* Others */,
				FEE89E981BDB331600458746 /* iPhoneIJJ */,
				FE4A23721B75E28B00A39627 /* Images.xcassets */,
				FE4A23741B75E28B00A39627 /* LaunchScreen.xib */,
				FE4A236B1B75E28B00A39627 /* Supporting Files */,
			);
			path = ZXwalk;
			sourceTree = "<group>";
		};
		FE4A236B1B75E28B00A39627 /* Supporting Files */ = {
			isa = PBXGroup;
			children = (
				FE4A236C1B75E28B00A39627 /* Info.plist */,
				FE4A236D1B75E28B00A39627 /* main.m */,
				FE4A242E1B75F1DE00A39627 /* PrefixHeader.pch */,
			);
			name = "Supporting Files";
			sourceTree = "<group>";
		};
		FE4A237E1B75E28B00A39627 /* ZXwalkTests */ = {
			isa = PBXGroup;
			children = (
				FE4A23811B75E28B00A39627 /* ZXwalkTests.m */,
				FE4A237F1B75E28B00A39627 /* Supporting Files */,
			);
			path = ZXwalkTests;
			sourceTree = "<group>";
		};
		FE4A237F1B75E28B00A39627 /* Supporting Files */ = {
			isa = PBXGroup;
			children = (
				FE4A23801B75E28B00A39627 /* Info.plist */,
			);
			name = "Supporting Files";
			sourceTree = "<group>";
		};
		FE934A5E1BEDEAF600903E96 /* Others */ = {
			isa = PBXGroup;
			children = (
				FECB32AA1BEF825B0044FF1A /* Category */,
				FECB32AD1BEF825B0044FF1A /* HeaderDefine */,
				FECB32B01BEF825B0044FF1A /* Vendor */,
				FE934A5F1BEDEB0C00903E96 /* Frameworks */,
			);
			path = Others;
			sourceTree = "<group>";
		};
		FE934A5F1BEDEB0C00903E96 /* Frameworks */ = {
			isa = PBXGroup;
			children = (
				FE934A6F1BEDEDF500903E96 /* ZXViewController.h */,
				FE934A701BEDEDF500903E96 /* ZXViewController.m */,
				FE934A721BEDEE1300903E96 /* ZXNavigationController.h */,
				FE934A731BEDEE1300903E96 /* ZXNavigationController.m */,
			);
			path = Frameworks;
			sourceTree = "<group>";
		};
		FE934A821BEDF2BF00903E96 /* 继承于NSObject的类实现类似controller的功能 */ = {
			isa = PBXGroup;
			children = (
				FECB32911BEF57D60044FF1A /* STModal.h */,
				FECB32921BEF57D60044FF1A /* STModal.m */,
				FE934A831BEDF2BF00903E96 /* Controllers */,
				FE934A8F1BEDF2BF00903E96 /* Resources */,
			);
			name = "继承于NSObject的类实现类似controller的功能";
			path = "ZXwalk/IPhoneIJJ/v4.40.01/继承于NSObject的类实现类似controller的功能";
			sourceTree = SOURCE_ROOT;
		};
		FE934A831BEDF2BF00903E96 /* Controllers */ = {
			isa = PBXGroup;
			children = (
				FE934A841BEDF2BF00903E96 /* OpenAccountTransitionPrompt.h */,
				FE934A851BEDF2BF00903E96 /* OpenAccountTransitionPrompt.m */,
				FE934A861BEDF2BF00903E96 /* OpenAccountTransitionPrompt.xib */,
				FE934A9F1BEDF38400903E96 /* OpenAccountTransitionViewController.h */,
				FE934AA01BEDF38400903E96 /* OpenAccountTransitionViewController.m */,
				FE934AA11BEDF38400903E96 /* OpenAccountTransitionViewController.xib */,
				FE934A891BEDF2BF00903E96 /* Views */,
			);
			path = Controllers;
			sourceTree = "<group>";
		};
		FE934A891BEDF2BF00903E96 /* Views */ = {
			isa = PBXGroup;
			children = (
				FE934A8A1BEDF2BF00903E96 /* OpenAccountTransitionView.h */,
				FE934A8B1BEDF2BF00903E96 /* OpenAccountTransitionView.m */,
			);
			path = Views;
			sourceTree = "<group>";
		};
		FE934A8F1BEDF2BF00903E96 /* Resources */ = {
			isa = PBXGroup;
			children = (
				FE934A901BEDF2BF00903E96 /* 分割线.png */,
				FE934A911BEDF2BF00903E96 /* 过渡动画-按钮1.png */,
				FE934A921BEDF2BF00903E96 /* 过渡动画-按钮2.png */,
				FE934A931BEDF2BF00903E96 /* 过渡动画-控件.png */,
				FE934A941BEDF2BF00903E96 /* 金币.png */,
			);
			path = Resources;
			sourceTree = "<group>";
		};
		FECB32941BEF78EA0044FF1A /* 将一个业务封装成一个类 */ = {
			isa = PBXGroup;
			children = (
				FECB32BF1BEF83220044FF1A /* PurchaseExtendBusiness.h */,
				FECB32961BEF78FF0044FF1A /* PurchaseExtendBusiness.m */,
				FECB32B81BEF82E30044FF1A /* Controllers */,
				FECB32B91BEF82E30044FF1A /* Views */,
			);
			name = "将一个业务封装成一个类";
			path = "ZXwalk/IPhoneIJJ/v4.40.01/将一个业务封装成一个类";
			sourceTree = SOURCE_ROOT;
		};
		FECB32AA1BEF825B0044FF1A /* Category */ = {
			isa = PBXGroup;
			children = (
				FECB32AB1BEF825B0044FF1A /* UIColor+ZX.h */,
				FECB32AC1BEF825B0044FF1A /* UIColor+ZX.m */,
			);
			path = Category;
			sourceTree = "<group>";
		};
		FECB32AD1BEF825B0044FF1A /* HeaderDefine */ = {
			isa = PBXGroup;
			children = (
				FECB32AE1BEF825B0044FF1A /* DefineLib.h */,
				FECB32AF1BEF825B0044FF1A /* TCDefine.h */,
			);
			path = HeaderDefine;
			sourceTree = "<group>";
		};
		FECB32B01BEF825B0044FF1A /* Vendor */ = {
			isa = PBXGroup;
			children = (
				FECB32B11BEF825B0044FF1A /* JSONKit */,
			);
			path = Vendor;
			sourceTree = "<group>";
		};
		FECB32B11BEF825B0044FF1A /* JSONKit */ = {
			isa = PBXGroup;
			children = (
				FECB32B21BEF825B0044FF1A /* JSONKit.h */,
				FECB32B31BEF825B0044FF1A /* JSONKit.m */,
				FECB32B41BEF825B0044FF1A /* README.md */,
			);
			path = JSONKit;
			sourceTree = "<group>";
		};
		FECB32B81BEF82E30044FF1A /* Controllers */ = {
			isa = PBXGroup;
			children = (
				FECB32C11BEF834E0044FF1A /* PurchaseViewController.h */,
				FECB32C21BEF834E0044FF1A /* PurchaseViewController.m */,
			);
			path = Controllers;
			sourceTree = "<group>";
		};
		FECB32B91BEF82E30044FF1A /* Views */ = {
			isa = PBXGroup;
			children = (
				FECB32BB1BEF82E30044FF1A /* ExtentBusinessViewCell.xib */,
				FECB32BA1BEF82E30044FF1A /* ExtentBusinessViewCell.m */,
				FECB32C01BEF83290044FF1A /* ExtentBusinessViewCell.h */,
			);
			path = Views;
			sourceTree = "<group>";
		};
		FECB32C41BEF86B90044FF1A /* Controllers */ = {
			isa = PBXGroup;
			children = (
				FECB32C51BEF86B90044FF1A /* FourthProjectViewController.h */,
				FECB32C61BEF86B90044FF1A /* FourthProjectViewController.m */,
				FECB32C71BEF86B90044FF1A /* FourthProjectViewController.xib */,
			);
			name = Controllers;
			path = ZXwalk/IPhoneIJJ/v4.40.01/Controllers;
			sourceTree = SOURCE_ROOT;
		};
		FECB32C81BEF86B90044FF1A /* Views */ = {
			isa = PBXGroup;
			children = (
				FECB32C91BEF86B90044FF1A /* FourthProjectCell.h */,
				FECB32CA1BEF86B90044FF1A /* FourthProjectCell.m */,
				FECB32CB1BEF86B90044FF1A /* FourthProjectCell.xib */,
			);
			name = Views;
			path = ZXwalk/IPhoneIJJ/v4.40.01/Views;
			sourceTree = SOURCE_ROOT;
		};
		FECB32D01BEF8D810044FF1A /* 规范的视图控制器的写法 */ = {
			isa = PBXGroup;
			children = (
				FECB32D41BEF8E3E0044FF1A /* StandardViewController.h */,
				FECB32D51BEF8E3E0044FF1A /* StandardViewController.m */,
				FECB32D61BEF8E3E0044FF1A /* StandardViewController.xib */,
			);
			name = "规范的视图控制器的写法";
			path = "ZXwalk/IPhoneIJJ/v4.40.01/规范的视图控制器的写法";
			sourceTree = SOURCE_ROOT;
		};
		FEE89E981BDB331600458746 /* iPhoneIJJ */ = {
			isa = PBXGroup;
			children = (
				FE934A631BEDEB3C00903E96 /* IJJViewController.h */,
				FE934A641BEDEB3C00903E96 /* IJJViewController.m */,
				FE432BD51BDBD9DC0011FFBF /* v4.40.01 */,
			);
			path = iPhoneIJJ;
			sourceTree = "<group>";
		};
/* End PBXGroup section */

/* Begin PBXNativeTarget section */
		FE4A23671B75E28B00A39627 /* ZXwalk */ = {
			isa = PBXNativeTarget;
			buildConfigurationList = FE4A23851B75E28B00A39627 /* Build configuration list for PBXNativeTarget "ZXwalk" */;
			buildPhases = (
				FE4A23641B75E28B00A39627 /* Sources */,
				FE4A23651B75E28B00A39627 /* Frameworks */,
				FE4A23661B75E28B00A39627 /* Resources */,
			);
			buildRules = (
			);
			dependencies = (
			);
			name = ZXwalk;
			productName = ZXwalk;
			productReference = FE4A23681B75E28B00A39627 /* ZXwalk.app */;
			productType = "com.apple.product-type.application";
		};
		FE4A237A1B75E28B00A39627 /* ZXwalkTests */ = {
			isa = PBXNativeTarget;
			buildConfigurationList = FE4A23881B75E28B00A39627 /* Build configuration list for PBXNativeTarget "ZXwalkTests" */;
			buildPhases = (
				FE4A23771B75E28B00A39627 /* Sources */,
				FE4A23781B75E28B00A39627 /* Frameworks */,
				FE4A23791B75E28B00A39627 /* Resources */,
			);
			buildRules = (
			);
			dependencies = (
				FE4A237D1B75E28B00A39627 /* PBXTargetDependency */,
			);
			name = ZXwalkTests;
			productName = ZXwalkTests;
			productReference = FE4A237B1B75E28B00A39627 /* ZXwalkTests.xctest */;
			productType = "com.apple.product-type.bundle.unit-test";
		};
/* End PBXNativeTarget section */

/* Begin PBXProject section */
		FE4A23601B75E28B00A39627 /* Project object */ = {
			isa = PBXProject;
			attributes = {
				LastUpgradeCheck = 0610;
				ORGANIZATIONNAME = "张祥";
				TargetAttributes = {
					FE4A23671B75E28B00A39627 = {
						CreatedOnToolsVersion = 6.1.1;
					};
					FE4A237A1B75E28B00A39627 = {
						CreatedOnToolsVersion = 6.1.1;
						TestTargetID = FE4A23671B75E28B00A39627;
					};
				};
			};
			buildConfigurationList = FE4A23631B75E28B00A39627 /* Build configuration list for PBXProject "ZXwalk" */;
			compatibilityVersion = "Xcode 3.2";
			developmentRegion = English;
			hasScannedForEncodings = 0;
			knownRegions = (
				en,
				Base,
			);
			mainGroup = FE4A235F1B75E28B00A39627;
			productRefGroup = FE4A23691B75E28B00A39627 /* Products */;
			projectDirPath = "";
			projectRoot = "";
			targets = (
				FE4A23671B75E28B00A39627 /* ZXwalk */,
				FE4A237A1B75E28B00A39627 /* ZXwalkTests */,
			);
		};
/* End PBXProject section */

/* Begin PBXResourcesBuildPhase section */
		FE4A23661B75E28B00A39627 /* Resources */ = {
			isa = PBXResourcesBuildPhase;
			buildActionMask = 2147483647;
			files = (
				FE934A961BEDF2BF00903E96 /* OpenAccountTransitionPrompt.xib in Resources */,
				FE20FDAF1BDD2AFB00A59382 /* TestFrameViewController.xib in Resources */,
				FE4A23761B75E28B00A39627 /* LaunchScreen.xib in Resources */,
				FE934A9E1BEDF2BF00903E96 /* 金币.png in Resources */,
				FECB32BE1BEF82E30044FF1A /* ExtentBusinessViewCell.xib in Resources */,
				FE934A9C1BEDF2BF00903E96 /* 过渡动画-按钮2.png in Resources */,
				FECB32CF1BEF86B90044FF1A /* FourthProjectCell.xib in Resources */,
				FECB32CD1BEF86B90044FF1A /* FourthProjectViewController.xib in Resources */,
				FE4A23731B75E28B00A39627 /* Images.xcassets in Resources */,
				FECB32D81BEF8E3E0044FF1A /* StandardViewController.xib in Resources */,
				FE934A9A1BEDF2BF00903E96 /* 分割线.png in Resources */,
				FE934AA31BEDF38400903E96 /* OpenAccountTransitionViewController.xib in Resources */,
				FE934A9B1BEDF2BF00903E96 /* 过渡动画-按钮1.png in Resources */,
				FE934A9D1BEDF2BF00903E96 /* 过渡动画-控件.png in Resources */,
			);
			runOnlyForDeploymentPostprocessing = 0;
		};
		FE4A23791B75E28B00A39627 /* Resources */ = {
			isa = PBXResourcesBuildPhase;
			buildActionMask = 2147483647;
			files = (
			);
			runOnlyForDeploymentPostprocessing = 0;
		};
/* End PBXResourcesBuildPhase section */

/* Begin PBXSourcesBuildPhase section */
		FE4A23641B75E28B00A39627 /* Sources */ = {
			isa = PBXSourcesBuildPhase;
			buildActionMask = 2147483647;
			files = (
				FECB32971BEF78FF0044FF1A /* PurchaseExtendBusiness.m in Sources */,
				FECB32B51BEF825B0044FF1A /* UIColor+ZX.m in Sources */,
				FE934A651BEDEB3C00903E96 /* IJJViewController.m in Sources */,
				FECB32D71BEF8E3E0044FF1A /* StandardViewController.m in Sources */,
				FE934A711BEDEDF500903E96 /* ZXViewController.m in Sources */,
				FECB32B61BEF825B0044FF1A /* JSONKit.m in Sources */,
				FECB32B71BEF825B0044FF1A /* README.md in Sources */,
				FECB32CC1BEF86B90044FF1A /* FourthProjectViewController.m in Sources */,
				FE4A23711B75E28B00A39627 /* AppDelegate.m in Sources */,
				FE934A951BEDF2BF00903E96 /* OpenAccountTransitionPrompt.m in Sources */,
				FE3D633F1B7749A900A4AD3F /* TabBarViewController.m in Sources */,
				FECB32931BEF57D60044FF1A /* STModal.m in Sources */,
				FECB32CE1BEF86B90044FF1A /* FourthProjectCell.m in Sources */,
				FE934AA21BEDF38400903E96 /* OpenAccountTransitionViewController.m in Sources */,
				FE934A981BEDF2BF00903E96 /* OpenAccountTransitionView.m in Sources */,
				FE934A741BEDEE1300903E96 /* ZXNavigationController.m in Sources */,
				FECB32C31BEF834E0044FF1A /* PurchaseViewController.m in Sources */,
				FECB32BD1BEF82E30044FF1A /* ExtentBusinessViewCell.m in Sources */,
				FE4A236E1B75E28B00A39627 /* main.m in Sources */,
				FE20FDAE1BDD2AFB00A59382 /* TestFrameViewController.m in Sources */,
			);
			runOnlyForDeploymentPostprocessing = 0;
		};
		FE4A23771B75E28B00A39627 /* Sources */ = {
			isa = PBXSourcesBuildPhase;
			buildActionMask = 2147483647;
			files = (
				FE4A23821B75E28B00A39627 /* ZXwalkTests.m in Sources */,
			);
			runOnlyForDeploymentPostprocessing = 0;
		};
/* End PBXSourcesBuildPhase section */

/* Begin PBXTargetDependency section */
		FE4A237D1B75E28B00A39627 /* PBXTargetDependency */ = {
			isa = PBXTargetDependency;
			target = FE4A23671B75E28B00A39627 /* ZXwalk */;
			targetProxy = FE4A237C1B75E28B00A39627 /* PBXContainerItemProxy */;
		};
/* End PBXTargetDependency section */

/* Begin PBXVariantGroup section */
		FE4A23741B75E28B00A39627 /* LaunchScreen.xib */ = {
			isa = PBXVariantGroup;
			children = (
				FE4A23751B75E28B00A39627 /* Base */,
			);
			name = LaunchScreen.xib;
			sourceTree = "<group>";
		};
/* End PBXVariantGroup section */

/* Begin XCBuildConfiguration section */
		FE4A23831B75E28B00A39627 /* Debug */ = {
			isa = XCBuildConfiguration;
			buildSettings = {
				ALWAYS_SEARCH_USER_PATHS = NO;
				CLANG_CXX_LANGUAGE_STANDARD = "gnu++0x";
				CLANG_CXX_LIBRARY = "libc++";
				CLANG_ENABLE_MODULES = YES;
				CLANG_ENABLE_OBJC_ARC = YES;
				CLANG_WARN_BOOL_CONVERSION = YES;
				CLANG_WARN_CONSTANT_CONVERSION = YES;
				CLANG_WARN_DIRECT_OBJC_ISA_USAGE = YES_ERROR;
				CLANG_WARN_EMPTY_BODY = YES;
				CLANG_WARN_ENUM_CONVERSION = YES;
				CLANG_WARN_INT_CONVERSION = YES;
				CLANG_WARN_OBJC_ROOT_CLASS = YES_ERROR;
				CLANG_WARN_UNREACHABLE_CODE = YES;
				CLANG_WARN__DUPLICATE_METHOD_MATCH = YES;
				"CODE_SIGN_IDENTITY[sdk=iphoneos*]" = "iPhone Developer";
				COPY_PHASE_STRIP = NO;
				ENABLE_STRICT_OBJC_MSGSEND = YES;
				GCC_C_LANGUAGE_STANDARD = gnu99;
				GCC_DYNAMIC_NO_PIC = NO;
				GCC_OPTIMIZATION_LEVEL = 0;
				GCC_PREPROCESSOR_DEFINITIONS = (
					"DEBUG=1",
					"$(inherited)",
				);
				GCC_SYMBOLS_PRIVATE_EXTERN = NO;
				GCC_WARN_64_TO_32_BIT_CONVERSION = YES;
				GCC_WARN_ABOUT_RETURN_TYPE = YES_ERROR;
				GCC_WARN_UNDECLARED_SELECTOR = YES;
				GCC_WARN_UNINITIALIZED_AUTOS = YES_AGGRESSIVE;
				GCC_WARN_UNUSED_FUNCTION = YES;
				GCC_WARN_UNUSED_VARIABLE = YES;
				IPHONEOS_DEPLOYMENT_TARGET = 8.1;
				MTL_ENABLE_DEBUG_INFO = YES;
				ONLY_ACTIVE_ARCH = YES;
				SDKROOT = iphoneos;
			};
			name = Debug;
		};
		FE4A23841B75E28B00A39627 /* Release */ = {
			isa = XCBuildConfiguration;
			buildSettings = {
				ALWAYS_SEARCH_USER_PATHS = NO;
				CLANG_CXX_LANGUAGE_STANDARD = "gnu++0x";
				CLANG_CXX_LIBRARY = "libc++";
				CLANG_ENABLE_MODULES = YES;
				CLANG_ENABLE_OBJC_ARC = YES;
				CLANG_WARN_BOOL_CONVERSION = YES;
				CLANG_WARN_CONSTANT_CONVERSION = YES;
				CLANG_WARN_DIRECT_OBJC_ISA_USAGE = YES_ERROR;
				CLANG_WARN_EMPTY_BODY = YES;
				CLANG_WARN_ENUM_CONVERSION = YES;
				CLANG_WARN_INT_CONVERSION = YES;
				CLANG_WARN_OBJC_ROOT_CLASS = YES_ERROR;
				CLANG_WARN_UNREACHABLE_CODE = YES;
				CLANG_WARN__DUPLICATE_METHOD_MATCH = YES;
				"CODE_SIGN_IDENTITY[sdk=iphoneos*]" = "iPhone Developer";
				COPY_PHASE_STRIP = YES;
				ENABLE_NS_ASSERTIONS = NO;
				ENABLE_STRICT_OBJC_MSGSEND = YES;
				GCC_C_LANGUAGE_STANDARD = gnu99;
				GCC_WARN_64_TO_32_BIT_CONVERSION = YES;
				GCC_WARN_ABOUT_RETURN_TYPE = YES_ERROR;
				GCC_WARN_UNDECLARED_SELECTOR = YES;
				GCC_WARN_UNINITIALIZED_AUTOS = YES_AGGRESSIVE;
				GCC_WARN_UNUSED_FUNCTION = YES;
				GCC_WARN_UNUSED_VARIABLE = YES;
				IPHONEOS_DEPLOYMENT_TARGET = 8.1;
				MTL_ENABLE_DEBUG_INFO = NO;
				SDKROOT = iphoneos;
				VALIDATE_PRODUCT = YES;
			};
			name = Release;
		};
		FE4A23861B75E28B00A39627 /* Debug */ = {
			isa = XCBuildConfiguration;
			buildSettings = {
				ASSETCATALOG_COMPILER_APPICON_NAME = AppIcon;
				GCC_PRECOMPILE_PREFIX_HEADER = YES;
				GCC_PREFIX_HEADER = "$(SRCROOT)/ZXwalk/PrefixHeader.pch";
				INFOPLIST_FILE = ZXwalk/Info.plist;
				LD_RUNPATH_SEARCH_PATHS = "$(inherited) @executable_path/Frameworks";
				PRODUCT_NAME = "$(TARGET_NAME)";
			};
			name = Debug;
		};
		FE4A23871B75E28B00A39627 /* Release */ = {
			isa = XCBuildConfiguration;
			buildSettings = {
				ASSETCATALOG_COMPILER_APPICON_NAME = AppIcon;
				GCC_PRECOMPILE_PREFIX_HEADER = YES;
				GCC_PREFIX_HEADER = "$(SRCROOT)/ZXwalk/PrefixHeader.pch";
				INFOPLIST_FILE = ZXwalk/Info.plist;
				LD_RUNPATH_SEARCH_PATHS = "$(inherited) @executable_path/Frameworks";
				PRODUCT_NAME = "$(TARGET_NAME)";
			};
			name = Release;
		};
		FE4A23891B75E28B00A39627 /* Debug */ = {
			isa = XCBuildConfiguration;
			buildSettings = {
				BUNDLE_LOADER = "$(TEST_HOST)";
				FRAMEWORK_SEARCH_PATHS = (
					"$(SDKROOT)/Developer/Library/Frameworks",
					"$(inherited)",
				);
				GCC_PREPROCESSOR_DEFINITIONS = (
					"DEBUG=1",
					"$(inherited)",
				);
				INFOPLIST_FILE = ZXwalkTests/Info.plist;
				LD_RUNPATH_SEARCH_PATHS = "$(inherited) @executable_path/Frameworks @loader_path/Frameworks";
				PRODUCT_NAME = "$(TARGET_NAME)";
				TEST_HOST = "$(BUILT_PRODUCTS_DIR)/ZXwalk.app/ZXwalk";
			};
			name = Debug;
		};
		FE4A238A1B75E28B00A39627 /* Release */ = {
			isa = XCBuildConfiguration;
			buildSettings = {
				BUNDLE_LOADER = "$(TEST_HOST)";
				FRAMEWORK_SEARCH_PATHS = (
					"$(SDKROOT)/Developer/Library/Frameworks",
					"$(inherited)",
				);
				INFOPLIST_FILE = ZXwalkTests/Info.plist;
				LD_RUNPATH_SEARCH_PATHS = "$(inherited) @executable_path/Frameworks @loader_path/Frameworks";
				PRODUCT_NAME = "$(TARGET_NAME)";
				TEST_HOST = "$(BUILT_PRODUCTS_DIR)/ZXwalk.app/ZXwalk";
			};
			name = Release;
		};
/* End XCBuildConfiguration section */

/* Begin XCConfigurationList section */
		FE4A23631B75E28B00A39627 /* Build configuration list for PBXProject "ZXwalk" */ = {
			isa = XCConfigurationList;
			buildConfigurations = (
				FE4A23831B75E28B00A39627 /* Debug */,
				FE4A23841B75E28B00A39627 /* Release */,
			);
			defaultConfigurationIsVisible = 0;
			defaultConfigurationName = Release;
		};
		FE4A23851B75E28B00A39627 /* Build configuration list for PBXNativeTarget "ZXwalk" */ = {
			isa = XCConfigurationList;
			buildConfigurations = (
				FE4A23861B75E28B00A39627 /* Debug */,
				FE4A23871B75E28B00A39627 /* Release */,
			);
			defaultConfigurationIsVisible = 0;
			defaultConfigurationName = Release;
		};
		FE4A23881B75E28B00A39627 /* Build configuration list for PBXNativeTarget "ZXwalkTests" */ = {
			isa = XCConfigurationList;
			buildConfigurations = (
				FE4A23891B75E28B00A39627 /* Debug */,
				FE4A238A1B75E28B00A39627 /* Release */,
			);
			defaultConfigurationIsVisible = 0;
			defaultConfigurationName = Release;
		};
/* End XCConfigurationList section */
	};
	rootObject = FE4A23601B75E28B00A39627 /* Project object */;
}
